
Microsoft Visual Studio Solution File, Format Version 12.00
# Visual Studio Version 16
VisualStudioVersion = 16.0.31624.102
MinimumVisualStudioVersion = 10.0.40219.1
Project("{8BC9CEB8-8B4A-11D0-8D11-00A0C91BC942}") = "l041", "l041.vcxproj", "{33F8EEAF-66A4-41BA-A246-83249E89F250}"
EndProject
Global
	GlobalSection(SolutionConfigurationPlatforms) = preSolution
		Debug|x64 = Debug|x64
		Debug|x86 = Debug|x86
		Release|x64 = Release|x64
		Release|x86 = Release|x86
	EndGlobalSection
	GlobalSection(ProjectConfigurationPlatforms) = postSolution
		{33F8EEAF-66A4-41BA-A246-83249E89F250}.Debug|x64.ActiveCfg = Debug|x64
		{33F8EEAF-66A4-41BA-A246-83249E89F250}.Debug|x64.Build.0 = Debug|x64
		{33F8EEAF-66A4-41BA-A246-83249E89F250}.Debug|x86.ActiveCfg = Debug|Win32
		{33F8EEAF-66A4-41BA-A246-83249E89F250}.Debug|x86.Build.0 = Debug|Win32
		{33F8EEAF-66A4-41BA-A246-83249E89F250}.Release|x64.ActiveCfg = Release|x64
		{33F8EEAF-66A4-41BA-A246-83249E89F250}.Release|x64.Build.0 = Release|x64
		{33F8EEAF-66A4-41BA-A246-83249E89F250}.Release|x86.ActiveCfg = Release|Win32
		{33F8EEAF-66A4-41BA-A246-83249E89F250}.Release|x86.Build.0 = Release|Win32
	EndGlobalSection
	GlobalSection(SolutionProperties) = preSolution
		HideSolutionNode = FALSE
	EndGlobalSection
	GlobalSection(ExtensibilityGlobals) = postSolution
		SolutionGuid = {FAB672E6-45F4-4839-B753-E2B4EE79D00B}
	EndGlobalSection
EndGlobal
